
Microsoft Visual Studio Solution File, Format Version 10.00
# Visual Studio 2008
Project("{8BC9CEB8-8B4A-11D0-8D11-00A0C91BC942}") = "RasterBitmap", "RasterBitmap\RasterBitmap.vcproj", "{B2D5F05E-E464-4E1A-9054-C2CDDDA9227C}"
EndProject
Global
	GlobalSection(SolutionConfigurationPlatforms) = preSolution
		Debug|Win32 = Debug|Win32
		Release|Win32 = Release|Win32
	EndGlobalSection
	GlobalSection(ProjectConfigurationPlatforms) = postSolution
		{B2D5F05E-E464-4E1A-9054-C2CDDDA9227C}.Debug|Win32.ActiveCfg = Debug|Win32
		{B2D5F05E-E464-4E1A-9054-C2CDDDA9227C}.Debug|Win32.Build.0 = Debug|Win32
		{B2D5F05E-E464-4E1A-9054-C2CDDDA9227C}.Release|Win32.ActiveCfg = Release|Win32
		{B2D5F05E-E464-4E1A-9054-C2CDDDA9227C}.Release|Win32.Build.0 = Release|Win32
	EndGlobalSection
	GlobalSection(SolutionProperties) = preSolution
		HideSolutionNode = FALSE
	EndGlobalSection
EndGlobal
